PODS:
  - FBSnapshotTestCase (2.1.4):
    - FBSnapshotTestCase/SwiftSupport (= 2.1.4)
  - FBSnapshotTestCase/Core (2.1.4)
  - FBSnapshotTestCase/SwiftSupport (2.1.4):
    - FBSnapshotTestCase/Core
  - TFLRouter (1.1.0)

DEPENDENCIES:
  - FBSnapshotTestCase
  - TFLRouter (from `../`)

SPEC REPOS:
  trunk:
    - FBSnapshotTestCase

EXTERNAL SOURCES:
  TFLRouter:
    :path: "../"

SPEC CHECKSUMS:
  FBSnapshotTestCase: 094f9f314decbabe373b87cc339bea235a63e07a
  TFLRouter: 67585794052597d4e7ad0031f525bba9a6b38eb4

PODFILE CHECKSUM: d26e65d35a4cefc47f0ff59a0dc3062067d47dbe

COCOAPODS: 1.8.4
